// !$*UTF8*$!
{
	archiveVersion = 1;
	classes = {
	};
	objectVersion = 77;
	objects = {

/* Begin PBXBuildFile section */
		D1000001 /* DunduKit in Frameworks (iOS) */ = {isa = PBXBuildFile; productRef = D1000002 /* DunduKit */; };
		D1000003 /* DunduKit in Frameworks (macOS) */ = {isa = PBXBuildFile; productRef = D1000004 /* DunduKit */; };
/* End PBXBuildFile section */

/* Begin PBXFileReference section */
		D2000001 /* Dundu.app */ = {isa = PBXFileReference; explicitFileType = wrapper.application; includeInIndex = 0; path = Dundu.app; sourceTree = BUILT_PRODUCTS_DIR; };
		D2000002 /* DunduMac.app */ = {isa = PBXFileReference; explicitFileType = wrapper.application; includeInIndex = 0; path = DunduMac.app; sourceTree = BUILT_PRODUCTS_DIR; };
/* End PBXFileReference section */

/* Begin PBXFileSystemSynchronizedRootGroup section */
		D3000001 /* iOS */ = {isa = PBXFileSystemSynchronizedRootGroup; path = iOS; sourceTree = "<group>"; };
		D3000002 /* macOS */ = {isa = PBXFileSystemSynchronizedRootGroup; path = macOS; sourceTree = "<group>"; };
		D3000003 /* Shared */ = {isa = PBXFileSystemSynchronizedRootGroup; path = Shared; sourceTree = "<group>"; };
/* End PBXFileSystemSynchronizedRootGroup section */

/* Begin PBXFrameworksBuildPhase section */
		D4000001 /* Frameworks (iOS) */ = {
			isa = PBXFrameworksBuildPhase;
			buildActionMask = 2147483647;
			files = (
				D1000001 /* DunduKit in Frameworks (iOS) */,
			);
			runOnlyForDeploymentPostprocessing = 0;
		};
		D4000002 /* Frameworks (macOS) */ = {
			isa = PBXFrameworksBuildPhase;
			buildActionMask = 2147483647;
			files = (
				D1000003 /* DunduKit in Frameworks (macOS) */,
			);
			runOnlyForDeploymentPostprocessing = 0;
		};
/* End PBXFrameworksBuildPhase section */

/* Begin PBXGroup section */
		D5000001 = {
			isa = PBXGroup;
			children = (
				D3000001 /* iOS */,
				D3000002 /* macOS */,
				D3000003 /* Shared */,
				D5000002 /* Products */,
			);
			sourceTree = "<group>";
		};
		D5000002 /* Products */ = {
			isa = PBXGroup;
			children = (
				D2000001 /* Dundu.app */,
				D2000002 /* DunduMac.app */,
			);
			name = Products;
			sourceTree = "<group>";
		};
/* End PBXGroup section */

/* Begin PBXNativeTarget section */
		D6000001 /* Dundu-iOS */ = {
			isa = PBXNativeTarget;
			buildConfigurationList = D7000001 /* Build configuration list for PBXNativeTarget "Dundu-iOS" */;
			buildPhases = (
				D8000001 /* Sources (iOS) */,
				D4000001 /* Frameworks (iOS) */,
				D9000001 /* Resources (iOS) */,
			);
			buildRules = (
			);
			dependencies = (
			);
			fileSystemSynchronizedGroups = (
				D3000001 /* iOS */,
				D3000003 /* Shared */,
			);
			name = "Dundu-iOS";
			packageProductDependencies = (
				D1000002 /* DunduKit */,
			);
			productName = "Dundu-iOS";
			productReference = D2000001 /* Dundu.app */;
			productType = "com.apple.product-type.application";
		};
		D6000002 /* Dundu-macOS */ = {
			isa = PBXNativeTarget;
			buildConfigurationList = D7000002 /* Build configuration list for PBXNativeTarget "Dundu-macOS" */;
			buildPhases = (
				D8000002 /* Sources (macOS) */,
				D4000002 /* Frameworks (macOS) */,
				D9000002 /* Resources (macOS) */,
			);
			buildRules = (
			);
			dependencies = (
			);
			fileSystemSynchronizedGroups = (
				D3000002 /* macOS */,
				D3000003 /* Shared */,
			);
			name = "Dundu-macOS";
			packageProductDependencies = (
				D1000004 /* DunduKit */,
			);
			productName = "Dundu-macOS";
			productReference = D2000002 /* DunduMac.app */;
			productType = "com.apple.product-type.application";
		};
/* End PBXNativeTarget section */

/* Begin PBXProject section */
		DA000001 /* Project object */ = {
			isa = PBXProject;
			attributes = {
				BuildIndependentTargetsInParallel = 1;
				LastSwiftUpdateCheck = 2660;
				LastUpgradeCheck = 2660;
				TargetAttributes = {
					D6000001 = {
						CreatedOnToolsVersion = 26.0;
					};
					D6000002 = {
						CreatedOnToolsVersion = 26.0;
					};
				};
			};
			buildConfigurationList = D7000003 /* Build configuration list for PBXProject "Dundu" */;
			developmentRegion = en;
			hasScannedForEncodings = 0;
			knownRegions = (
				en,
				Base,
			);
			mainGroup = D5000001;
			minimizedProjectReferenceProxies = 1;
			packageReferences = (
				DB000001 /* XCLocalSwiftPackageReference "Packages/DunduKit" */,
			);
			preferredProjectObjectVersion = 77;
			productRefGroup = D5000002 /* Products */;
			projectDirPath = "";
			projectRoot = "";
			targets = (
				D6000001 /* Dundu-iOS */,
				D6000002 /* Dundu-macOS */,
			);
		};
/* End PBXProject section */

/* Begin PBXResourcesBuildPhase section */
		D9000001 /* Resources (iOS) */ = {
			isa = PBXResourcesBuildPhase;
			buildActionMask = 2147483647;
			files = (
			);
			runOnlyForDeploymentPostprocessing = 0;
		};
		D9000002 /* Resources (macOS) */ = {
			isa = PBXResourcesBuildPhase;
			buildActionMask = 2147483647;
			files = (
			);
			runOnlyForDeploymentPostprocessing = 0;
		};
/* End PBXResourcesBuildPhase section */

/* Begin PBXSourcesBuildPhase section */
		D8000001 /* Sources (iOS) */ = {
			isa = PBXSourcesBuildPhase;
			buildActionMask = 2147483647;
			files = (
			);
			runOnlyForDeploymentPostprocessing = 0;
		};
		D8000002 /* Sources (macOS) */ = {
			isa = PBXSourcesBuildPhase;
			buildActionMask = 2147483647;
			files = (
			);
			runOnlyForDeploymentPostprocessing = 0;
		};
/* End PBXSourcesBuildPhase section */

/* Begin XCBuildConfiguration section */
		DC000001 /* Debug (project) */ = {
			isa = XCBuildConfiguration;
			buildSettings = {
				ALWAYS_SEARCH_USER_PATHS = NO;
				CLANG_ENABLE_MODULES = YES;
				CLANG_ENABLE_OBJC_ARC = YES;
				COPY_PHASE_STRIP = NO;
				DEBUG_INFORMATION_FORMAT = dwarf;
				ENABLE_STRICT_OBJC_MSGSEND = YES;
				ENABLE_TESTABILITY = YES;
				ENABLE_USER_SCRIPT_SANDBOXING = YES;
				GCC_C_LANGUAGE_STANDARD = gnu17;
				GCC_DYNAMIC_NO_PIC = NO;
				GCC_NO_COMMON_BLOCKS = YES;
				GCC_OPTIMIZATION_LEVEL = 0;
				GCC_PREPROCESSOR_DEFINITIONS = (
					"DEBUG=1",
					"$(inherited)",
				);
				LOCALIZATION_PREFERS_STRING_CATALOGS = YES;
				MTL_ENABLE_DEBUG_INFO = INCLUDE_SOURCE;
				MTL_FAST_MATH = YES;
				ONLY_ACTIVE_ARCH = YES;
				SWIFT_ACTIVE_COMPILATION_CONDITIONS = "DEBUG $(inherited)";
				SWIFT_OPTIMIZATION_LEVEL = "-Onone";
				SWIFT_VERSION = 5.0;
			};
			name = Debug;
		};
		DC000002 /* Release (project) */ = {
			isa = XCBuildConfiguration;
			buildSettings = {
				ALWAYS_SEARCH_USER_PATHS = NO;
				CLANG_ENABLE_MODULES = YES;
				CLANG_ENABLE_OBJC_ARC = YES;
				COPY_PHASE_STRIP = NO;
				DEBUG_INFORMATION_FORMAT = "dwarf-with-dsym";
				ENABLE_NS_ASSERTIONS = NO;
				ENABLE_STRICT_OBJC_MSGSEND = YES;
				ENABLE_USER_SCRIPT_SANDBOXING = YES;
				GCC_C_LANGUAGE_STANDARD = gnu17;
				GCC_NO_COMMON_BLOCKS = YES;
				LOCALIZATION_PREFERS_STRING_CATALOGS = YES;
				MTL_ENABLE_DEBUG_INFO = NO;
				MTL_FAST_MATH = YES;
				SWIFT_COMPILATION_MODE = wholemodule;
				SWIFT_VERSION = 5.0;
			};
			name = Release;
		};
		DC000003 /* Debug (iOS) */ = {
			isa = XCBuildConfiguration;
			buildSettings = {
				ASSETCATALOG_COMPILER_GENERATE_ASSET_SYMBOLS = NO;
				CODE_SIGN_ENTITLEMENTS = "iOS/Dundu.entitlements";
				CODE_SIGN_STYLE = Automatic;
				CURRENT_PROJECT_VERSION = 1;
				DEVELOPMENT_TEAM = 792L89JQN6;
				GENERATE_INFOPLIST_FILE = YES;
				INFOPLIST_KEY_UIBackgroundModes = "remote-notification";
				INFOPLIST_KEY_NSLocationWhenInUseUsageDescription = "Used only to pick a place for arrive and leave alerts.";
				INFOPLIST_KEY_NSRemindersFullAccessUsageDescription = "Dundu syncs your reminders two ways with Apple Reminders.";
				INFOPLIST_KEY_UIApplicationSceneManifest_Generation = YES;
				INFOPLIST_KEY_UIApplicationSupportsIndirectInputEvents = YES;
				INFOPLIST_KEY_UILaunchScreen_Generation = YES;
				INFOPLIST_KEY_UISupportedInterfaceOrientations_iPad = "UIInterfaceOrientationPortrait UIInterfaceOrientationPortraitUpsideDown UIInterfaceOrientationLandscapeLeft UIInterfaceOrientationLandscapeRight";
				INFOPLIST_KEY_UISupportedInterfaceOrientations_iPhone = "UIInterfaceOrientationPortrait UIInterfaceOrientationLandscapeLeft UIInterfaceOrientationLandscapeRight";
				IPHONEOS_DEPLOYMENT_TARGET = 17.0;
				LD_RUNPATH_SEARCH_PATHS = (
					"$(inherited)",
					"@executable_path/Frameworks",
				);
				MARKETING_VERSION = 0.1.0;
				PRODUCT_BUNDLE_IDENTIFIER = "app.scoop.dundu";
				PRODUCT_NAME = Dundu;
				SDKROOT = iphoneos;
				SUPPORTED_PLATFORMS = "iphoneos iphonesimulator";
				SWIFT_EMIT_LOC_STRINGS = YES;
				TARGETED_DEVICE_FAMILY = "1,2";
			};
			name = Debug;
		};
		DC000004 /* Release (iOS) */ = {
			isa = XCBuildConfiguration;
			buildSettings = {
				ASSETCATALOG_COMPILER_GENERATE_ASSET_SYMBOLS = NO;
				CODE_SIGN_ENTITLEMENTS = "iOS/Dundu.entitlements";
				CODE_SIGN_STYLE = Automatic;
				CURRENT_PROJECT_VERSION = 1;
				DEVELOPMENT_TEAM = 792L89JQN6;
				GENERATE_INFOPLIST_FILE = YES;
				INFOPLIST_KEY_UIBackgroundModes = "remote-notification";
				INFOPLIST_KEY_NSLocationWhenInUseUsageDescription = "Used only to pick a place for arrive and leave alerts.";
				INFOPLIST_KEY_NSRemindersFullAccessUsageDescription = "Dundu syncs your reminders two ways with Apple Reminders.";
				INFOPLIST_KEY_UIApplicationSceneManifest_Generation = YES;
				INFOPLIST_KEY_UIApplicationSupportsIndirectInputEvents = YES;
				INFOPLIST_KEY_UILaunchScreen_Generation = YES;
				INFOPLIST_KEY_UISupportedInterfaceOrientations_iPad = "UIInterfaceOrientationPortrait UIInterfaceOrientationPortraitUpsideDown UIInterfaceOrientationLandscapeLeft UIInterfaceOrientationLandscapeRight";
				INFOPLIST_KEY_UISupportedInterfaceOrientations_iPhone = "UIInterfaceOrientationPortrait UIInterfaceOrientationLandscapeLeft UIInterfaceOrientationLandscapeRight";
				IPHONEOS_DEPLOYMENT_TARGET = 17.0;
				LD_RUNPATH_SEARCH_PATHS = (
					"$(inherited)",
					"@executable_path/Frameworks",
				);
				MARKETING_VERSION = 0.1.0;
				PRODUCT_BUNDLE_IDENTIFIER = "app.scoop.dundu";
				PRODUCT_NAME = Dundu;
				SDKROOT = iphoneos;
				SUPPORTED_PLATFORMS = "iphoneos iphonesimulator";
				SWIFT_EMIT_LOC_STRINGS = YES;
				TARGETED_DEVICE_FAMILY = "1,2";
				VALIDATE_PRODUCT = YES;
			};
			name = Release;
		};
		DC000005 /* Debug (macOS) */ = {
			isa = XCBuildConfiguration;
			buildSettings = {
				ASSETCATALOG_COMPILER_GENERATE_ASSET_SYMBOLS = NO;
				CODE_SIGN_ENTITLEMENTS = "macOS/DunduMac.entitlements";
				CODE_SIGN_STYLE = Automatic;
				COMBINE_HIDPI_IMAGES = YES;
				CURRENT_PROJECT_VERSION = 1;
				DEVELOPMENT_TEAM = 792L89JQN6;
				ENABLE_HARDENED_RUNTIME = YES;
				GENERATE_INFOPLIST_FILE = YES;
				INFOPLIST_KEY_NSLocationWhenInUseUsageDescription = "Used only to pick a place for arrive and leave alerts.";
				INFOPLIST_KEY_NSRemindersFullAccessUsageDescription = "Dundu syncs your reminders two ways with Apple Reminders.";
				INFOPLIST_KEY_NSFocusStatusUsageDescription = "Dundu keeps the notch quiet while a Focus is on.";
				INFOPLIST_KEY_LSUIElement = YES;
				LD_RUNPATH_SEARCH_PATHS = (
					"$(inherited)",
					"@executable_path/../Frameworks",
				);
				MACOSX_DEPLOYMENT_TARGET = 14.0;
				MARKETING_VERSION = 0.1.0;
				PRODUCT_BUNDLE_IDENTIFIER = "app.scoop.dundu.mac";
				PRODUCT_NAME = DunduMac;
				SDKROOT = macosx;
				SWIFT_EMIT_LOC_STRINGS = YES;
			};
			name = Debug;
		};
		DC000006 /* Release (macOS) */ = {
			isa = XCBuildConfiguration;
			buildSettings = {
				ASSETCATALOG_COMPILER_GENERATE_ASSET_SYMBOLS = NO;
				CODE_SIGN_ENTITLEMENTS = "macOS/DunduMac.entitlements";
				CODE_SIGN_STYLE = Automatic;
				COMBINE_HIDPI_IMAGES = YES;
				CURRENT_PROJECT_VERSION = 1;
				DEVELOPMENT_TEAM = 792L89JQN6;
				ENABLE_HARDENED_RUNTIME = YES;
				GENERATE_INFOPLIST_FILE = YES;
				INFOPLIST_KEY_NSLocationWhenInUseUsageDescription = "Used only to pick a place for arrive and leave alerts.";
				INFOPLIST_KEY_NSRemindersFullAccessUsageDescription = "Dundu syncs your reminders two ways with Apple Reminders.";
				INFOPLIST_KEY_NSFocusStatusUsageDescription = "Dundu keeps the notch quiet while a Focus is on.";
				INFOPLIST_KEY_LSUIElement = YES;
				LD_RUNPATH_SEARCH_PATHS = (
					"$(inherited)",
					"@executable_path/../Frameworks",
				);
				MACOSX_DEPLOYMENT_TARGET = 14.0;
				MARKETING_VERSION = 0.1.0;
				PRODUCT_BUNDLE_IDENTIFIER = "app.scoop.dundu.mac";
				PRODUCT_NAME = DunduMac;
				SDKROOT = macosx;
				SWIFT_EMIT_LOC_STRINGS = YES;
			};
			name = Release;
		};
/* End XCBuildConfiguration section */

/* Begin XCConfigurationList section */
		D7000001 /* Build configuration list for PBXNativeTarget "Dundu-iOS" */ = {
			isa = XCConfigurationList;
			buildConfigurations = (
				DC000003 /* Debug (iOS) */,
				DC000004 /* Release (iOS) */,
			);
			defaultConfigurationIsVisible = 0;
			defaultConfigurationName = Release;
		};
		D7000002 /* Build configuration list for PBXNativeTarget "Dundu-macOS" */ = {
			isa = XCConfigurationList;
			buildConfigurations = (
				DC000005 /* Debug (macOS) */,
				DC000006 /* Release (macOS) */,
			);
			defaultConfigurationIsVisible = 0;
			defaultConfigurationName = Release;
		};
		D7000003 /* Build configuration list for PBXProject "Dundu" */ = {
			isa = XCConfigurationList;
			buildConfigurations = (
				DC000001 /* Debug (project) */,
				DC000002 /* Release (project) */,
			);
			defaultConfigurationIsVisible = 0;
			defaultConfigurationName = Release;
		};
/* End XCConfigurationList section */

/* Begin XCLocalSwiftPackageReference section */
		DB000001 /* XCLocalSwiftPackageReference "Packages/DunduKit" */ = {
			isa = XCLocalSwiftPackageReference;
			relativePath = Packages/DunduKit;
		};
/* End XCLocalSwiftPackageReference section */

/* Begin XCSwiftPackageProductDependency section */
		D1000002 /* DunduKit */ = {
			isa = XCSwiftPackageProductDependency;
			productName = DunduKit;
		};
		D1000004 /* DunduKit */ = {
			isa = XCSwiftPackageProductDependency;
			productName = DunduKit;
		};
/* End XCSwiftPackageProductDependency section */
	};
	rootObject = DA000001 /* Project object */;
}
